
Microsoft Visual Studio Solution File, Format Version 12.00
# Visual Studio 15
VisualStudioVersion = 15.0.27004.2005
MinimumVisualStudioVersion = 10.0.40219.1
Project("{FAE04EC0-301F-11D3-BF4B-00C04F79EFBC}") = "Projekt", "Projekt\Projekt.csproj", "{23CA0319-EEB5-44A4-87A0-D13D78B47A66}"
EndProject
Global
	GlobalSection(SolutionConfigurationPlatforms) = preSolution
		Debug|Any CPU = Debug|Any CPU
		Release|Any CPU = Release|Any CPU
	EndGlobalSection
	GlobalSection(ProjectConfigurationPlatforms) = postSolution
		{23CA0319-EEB5-44A4-87A0-D13D78B47A66}.Debug|Any CPU.ActiveCfg = Debug|Any CPU
		{23CA0319-EEB5-44A4-87A0-D13D78B47A66}.Debug|Any CPU.Build.0 = Debug|Any CPU
		{23CA0319-EEB5-44A4-87A0-D13D78B47A66}.Release|Any CPU.ActiveCfg = Release|Any CPU
		{23CA0319-EEB5-44A4-87A0-D13D78B47A66}.Release|Any CPU.Build.0 = Release|Any CPU
	EndGlobalSection
	GlobalSection(SolutionProperties) = preSolution
		HideSolutionNode = FALSE
	EndGlobalSection
	GlobalSection(ExtensibilityGlobals) = postSolution
		SolutionGuid = {F6A5DEFD-89C1-4FF6-BBDD-A764A6BFE6E8}
	EndGlobalSection
EndGlobal
